<?xml version="1.0" encoding="utf-8"?>
<Project ToolsVersion="4.0" xmlns="http://schemas.microsoft.com/developer/msbuild/2003">
  <ItemGroup>
    <Filter Include="Source Files">
      <UniqueIdentifier>{4FC737F1-C7A5-4376-A066-2A32D752A2FF}</UniqueIdentifier>
      <Extensions>cpp;c;cc;cxx;c++;cppm;ixx;def;odl;idl;hpj;bat;asm;asmx</Extensions>
    </Filter>
    <Filter Include="Header Files">
      <UniqueIdentifier>{93995380-89BD-4b04-88EB-625FBE52EBFB}</UniqueIdentifier>
      <Extensions>h;hh;hpp;hxx;h++;hm;inl;inc;ipp;xsd</Extensions>
    </Filter>
    <Filter Include="Resource Files">
      <UniqueIdentifier>{67DA6AB6-F800-4c08-8B7A-83BB121AAD01}</UniqueIdentifier>
      <Extensions>rc;ico;cur;bmp;dlg;rc2;rct;bin;rgs;gif;jpg;jpeg;jpe;resx;tiff;tif;png;wav;mfcribbon-ms</Extensions>
    </Filter>
    <Filter Include="Models">
      <UniqueIdentifier>{f1dea67e-6bb3-4b58-8e35-66833d23621c}</UniqueIdentifier>
    </Filter>
  </ItemGroup>
  <ItemGroup>
    <ClCompile Include="MinecraftOpenCVAI.cpp">
      <Filter>Source Files</Filter>
    </ClCompile>
    <ClCompile Include="src\ModelDetections.cpp">
      <Filter>Source Files</Filter>
    </ClCompile>
  </ItemGroup>
  <ItemGroup>
    <None Include="best.onnx">
      <Filter>Models</Filter>
    </None>
    <None Include="classes.txt">
      <Filter>Models</Filter>
    </None>
    <None Include="trainedCreeper.onnx" />
  </ItemGroup>
  <ItemGroup>
    <ClInclude Include="src\ModelDetections.h">
      <Filter>Source Files</Filter>
    </ClInclude>
    <ClInclude Include="src\KeySimulation.h">
      <Filter>Source Files</Filter>
    </ClInclude>
  </ItemGroup>
  <ItemGroup>
    <Image Include="testImages\creeper.jpg">
      <Filter>Resource Files</Filter>
    </Image>
    <Image Include="testImages\creeperforward.jpg">
      <Filter>Resource Files</Filter>
    </Image>
    <Image Include="testImages\creeperLook.png">
      <Filter>Resource Files</Filter>
    </Image>
    <Image Include="testImages\giant-creeper.png">
      <Filter>Resource Files</Filter>
    </Image>
    <Image Include="testImages\sample.jpg">
      <Filter>Resource Files</Filter>
    </Image>
    <Image Include="testImages\test.PNG">
      <Filter>Resource Files</Filter>
    </Image>
    <Image Include="testImages\zombie_test.jpg">
      <Filter>Resource Files</Filter>
    </Image>
    <Image Include="MatchTemplate\minecraftHeart.png">
      <Filter>Resource Files</Filter>
    </Image>
  </ItemGroup>
</Project>